// !$*UTF8*$!
{
	archiveVersion = 1;
	classes = {
	};
	objectVersion = 55;
	objects = {

/* Begin PBXBuildFile section */
		3A16455227A49A7500D8369C /* AppDelegate.swift in Sources */ = {isa = PBXBuildFile; fileRef = 3A16455127A49A7500D8369C /* AppDelegate.swift */; };
		3A16455427A49A7500D8369C /* SceneDelegate.swift in Sources */ = {isa = PBXBuildFile; fileRef = 3A16455327A49A7500D8369C /* SceneDelegate.swift */; };
		3A16455627A49A7500D8369C /* ViewController.swift in Sources */ = {isa = PBXBuildFile; fileRef = 3A16455527A49A7500D8369C /* ViewController.swift */; };
		3A16455C27A49A7500D8369C /* AdrianProyecto.xcdatamodeld in Sources */ = {isa = PBXBuildFile; fileRef = 3A16455A27A49A7500D8369C /* AdrianProyecto.xcdatamodeld */; };
		3A16455E27A49A7600D8369C /* Assets.xcassets in Resources */ = {isa = PBXBuildFile; fileRef = 3A16455D27A49A7600D8369C /* Assets.xcassets */; };
		3A16456127A49A7600D8369C /* LaunchScreen.storyboard in Resources */ = {isa = PBXBuildFile; fileRef = 3A16455F27A49A7600D8369C /* LaunchScreen.storyboard */; };
		3A4664AC27A6BFEE0042AA93 /* MainPresenter.swift in Sources */ = {isa = PBXBuildFile; fileRef = 3A4664AB27A6BFEE0042AA93 /* MainPresenter.swift */; };
		3A4664AF27A6C44F0042AA93 /* MainInteractor.swift in Sources */ = {isa = PBXBuildFile; fileRef = 3A4664AE27A6C44F0042AA93 /* MainInteractor.swift */; };
		3A4664B227A6C78C0042AA93 /* FactProvider.swift in Sources */ = {isa = PBXBuildFile; fileRef = 3A4664B127A6C78C0042AA93 /* FactProvider.swift */; };
		3A4664B527A6C82B0042AA93 /* ProviderError.swift in Sources */ = {isa = PBXBuildFile; fileRef = 3A4664B427A6C82B0042AA93 /* ProviderError.swift */; };
		3A4664B727A6FFB10042AA93 /* MainWireframe.swift in Sources */ = {isa = PBXBuildFile; fileRef = 3A4664B627A6FFB10042AA93 /* MainWireframe.swift */; };
		3A4697D827A49EB800BBADC0 /* InitialControllerBuilder.swift in Sources */ = {isa = PBXBuildFile; fileRef = 3A4697D727A49EB800BBADC0 /* InitialControllerBuilder.swift */; };
		3A4697E027A49F7800BBADC0 /* FormViewController.storyboard in Resources */ = {isa = PBXBuildFile; fileRef = 3A4697DF27A49F7800BBADC0 /* FormViewController.storyboard */; };
		3A4697E227A49F8500BBADC0 /* FormViewController.swift in Sources */ = {isa = PBXBuildFile; fileRef = 3A4697E127A49F8500BBADC0 /* FormViewController.swift */; };
		3A4697EB27A4A1BD00BBADC0 /* FormControllerBuilder.swift in Sources */ = {isa = PBXBuildFile; fileRef = 3A4697EA27A4A1BD00BBADC0 /* FormControllerBuilder.swift */; };
		3A4697F427A4A6C500BBADC0 /* MainViewController.storyboard in Resources */ = {isa = PBXBuildFile; fileRef = 3A4697F327A4A6C500BBADC0 /* MainViewController.storyboard */; };
		3A4697F627A4A6CF00BBADC0 /* MainViewController.swift in Sources */ = {isa = PBXBuildFile; fileRef = 3A4697F527A4A6CF00BBADC0 /* MainViewController.swift */; };
		3A4697F827A4A72700BBADC0 /* MainControllerBuilder.swift in Sources */ = {isa = PBXBuildFile; fileRef = 3A4697F727A4A72700BBADC0 /* MainControllerBuilder.swift */; };
		3A4697FB27A4A99000BBADC0 /* Fact.swift in Sources */ = {isa = PBXBuildFile; fileRef = 3A4697FA27A4A99000BBADC0 /* Fact.swift */; };
		3A4697FE27A4AAA700BBADC0 /* FetchRandomFactUseCase.swift in Sources */ = {isa = PBXBuildFile; fileRef = 3A4697FD27A4AAA700BBADC0 /* FetchRandomFactUseCase.swift */; };
		3A46980027A4ACDB00BBADC0 /* MainContract.swift in Sources */ = {isa = PBXBuildFile; fileRef = 3A4697FF27A4ACDB00BBADC0 /* MainContract.swift */; };
		3AA6689F27AAE4C30018E546 /* ListadoDetalleControllerBuilder.swift in Sources */ = {isa = PBXBuildFile; fileRef = 3AA6689E27AAE4C30018E546 /* ListadoDetalleControllerBuilder.swift */; };
		3AA668A327AAE56C0018E546 /* ListadoDetalleViewController.swift in Sources */ = {isa = PBXBuildFile; fileRef = 3AA668A127AAE56C0018E546 /* ListadoDetalleViewController.swift */; };
		3AA668A827AAE6290018E546 /* ListadoDetalleViewController.storyboard in Resources */ = {isa = PBXBuildFile; fileRef = 3AA668A627AAE6290018E546 /* ListadoDetalleViewController.storyboard */; };
		3AA668AB27AAED570018E546 /* ListadoWireframe.swift in Sources */ = {isa = PBXBuildFile; fileRef = 3AA668AA27AAED570018E546 /* ListadoWireframe.swift */; };
		3AA668B227AB1C7A0018E546 /* Localizable.strings in Resources */ = {isa = PBXBuildFile; fileRef = 3AA668B427AB1C7A0018E546 /* Localizable.strings */; };
		3AE8915627A9EF5A00B55742 /* ListadoViewController.storyboard in Resources */ = {isa = PBXBuildFile; fileRef = 3AE8914627A9EF5A00B55742 /* ListadoViewController.storyboard */; };
		3AE8915727A9EF5A00B55742 /* ListadoViewCell.swift in Sources */ = {isa = PBXBuildFile; fileRef = 3AE8914727A9EF5A00B55742 /* ListadoViewCell.swift */; };
		3AE8915827A9EF5A00B55742 /* ListadoViewController.swift in Sources */ = {isa = PBXBuildFile; fileRef = 3AE8914827A9EF5A00B55742 /* ListadoViewController.swift */; };
		3AE8915927A9EF5A00B55742 /* ListadoViewContract.swift in Sources */ = {isa = PBXBuildFile; fileRef = 3AE8914927A9EF5A00B55742 /* ListadoViewContract.swift */; };
		3AE8915A27A9EF5A00B55742 /* ListadoPresenter.swift in Sources */ = {isa = PBXBuildFile; fileRef = 3AE8914B27A9EF5A00B55742 /* ListadoPresenter.swift */; };
		3AE8915B27A9EF5A00B55742 /* ListadoProviderError.swift in Sources */ = {isa = PBXBuildFile; fileRef = 3AE8914D27A9EF5A00B55742 /* ListadoProviderError.swift */; };
		3AE8915C27A9EF5A00B55742 /* ListadoControllerBuilder.swift in Sources */ = {isa = PBXBuildFile; fileRef = 3AE8914E27A9EF5A00B55742 /* ListadoControllerBuilder.swift */; };
		3AE8915D27A9EF5A00B55742 /* animalData.json in Resources */ = {isa = PBXBuildFile; fileRef = 3AE8915027A9EF5A00B55742 /* animalData.json */; };
		3AE8916027A9EF5A00B55742 /* ListadoInteractor.swift in Sources */ = {isa = PBXBuildFile; fileRef = 3AE8915527A9EF5A00B55742 /* ListadoInteractor.swift */; };
		3AE8916227A9EF8A00B55742 /* Animales.swift in Sources */ = {isa = PBXBuildFile; fileRef = 3AE8916127A9EF8A00B55742 /* Animales.swift */; };
		3AE8916427A9EF9E00B55742 /* NetworkListadoProvider.swift in Sources */ = {isa = PBXBuildFile; fileRef = 3AE8916327A9EF9E00B55742 /* NetworkListadoProvider.swift */; };
		DDFF5BED73CC91B979720392 /* Pods_AdrianProyecto.framework in Frameworks */ = {isa = PBXBuildFile; fileRef = 9F33FA3712FB338015CDB9C9 /* Pods_AdrianProyecto.framework */; };
/* End PBXBuildFile section */

/* Begin PBXFileReference section */
		3A16454E27A49A7500D8369C /* AdrianProyecto.app */ = {isa = PBXFileReference; explicitFileType = wrapper.application; includeInIndex = 0; path = AdrianProyecto.app; sourceTree = BUILT_PRODUCTS_DIR; };
		3A16455127A49A7500D8369C /* AppDelegate.swift */ = {isa = PBXFileReference; lastKnownFileType = sourcecode.swift; path = AppDelegate.swift; sourceTree = "<group>"; };
		3A16455327A49A7500D8369C /* SceneDelegate.swift */ = {isa = PBXFileReference; lastKnownFileType = sourcecode.swift; path = SceneDelegate.swift; sourceTree = "<group>"; };
		3A16455527A49A7500D8369C /* ViewController.swift */ = {isa = PBXFileReference; lastKnownFileType = sourcecode.swift; path = ViewController.swift; sourceTree = "<group>"; };
		3A16455B27A49A7500D8369C /* AdrianProyecto.xcdatamodel */ = {isa = PBXFileReference; lastKnownFileType = wrapper.xcdatamodel; path = AdrianProyecto.xcdatamodel; sourceTree = "<group>"; };
		3A16455D27A49A7600D8369C /* Assets.xcassets */ = {isa = PBXFileReference; lastKnownFileType = folder.assetcatalog; path = Assets.xcassets; sourceTree = "<group>"; };
		3A16456027A49A7600D8369C /* Base */ = {isa = PBXFileReference; lastKnownFileType = file.storyboard; name = Base; path = Base.lproj/LaunchScreen.storyboard; sourceTree = "<group>"; };
		3A16456227A49A7600D8369C /* Info.plist */ = {isa = PBXFileReference; lastKnownFileType = text.plist.xml; path = Info.plist; sourceTree = "<group>"; };
		3A4664AB27A6BFEE0042AA93 /* MainPresenter.swift */ = {isa = PBXFileReference; lastKnownFileType = sourcecode.swift; path = MainPresenter.swift; sourceTree = "<group>"; };
		3A4664AE27A6C44F0042AA93 /* MainInteractor.swift */ = {isa = PBXFileReference; lastKnownFileType = sourcecode.swift; path = MainInteractor.swift; sourceTree = "<group>"; };
		3A4664B127A6C78C0042AA93 /* FactProvider.swift */ = {isa = PBXFileReference; lastKnownFileType = sourcecode.swift; path = FactProvider.swift; sourceTree = "<group>"; };
		3A4664B427A6C82B0042AA93 /* ProviderError.swift */ = {isa = PBXFileReference; lastKnownFileType = sourcecode.swift; path = ProviderError.swift; sourceTree = "<group>"; };
		3A4664B627A6FFB10042AA93 /* MainWireframe.swift */ = {isa = PBXFileReference; lastKnownFileType = sourcecode.swift; path = MainWireframe.swift; sourceTree = "<group>"; };
		3A4697D727A49EB800BBADC0 /* InitialControllerBuilder.swift */ = {isa = PBXFileReference; lastKnownFileType = sourcecode.swift; path = InitialControllerBuilder.swift; sourceTree = "<group>"; };
		3A4697DF27A49F7800BBADC0 /* FormViewController.storyboard */ = {isa = PBXFileReference; lastKnownFileType = file.storyboard; path = FormViewController.storyboard; sourceTree = "<group>"; };
		3A4697E127A49F8500BBADC0 /* FormViewController.swift */ = {isa = PBXFileReference; lastKnownFileType = sourcecode.swift; path = FormViewController.swift; sourceTree = "<group>"; };
		3A4697EA27A4A1BD00BBADC0 /* FormControllerBuilder.swift */ = {isa = PBXFileReference; lastKnownFileType = sourcecode.swift; path = FormControllerBuilder.swift; sourceTree = "<group>"; };
		3A4697F327A4A6C500BBADC0 /* MainViewController.storyboard */ = {isa = PBXFileReference; lastKnownFileType = file.storyboard; path = MainViewController.storyboard; sourceTree = "<group>"; };
		3A4697F527A4A6CF00BBADC0 /* MainViewController.swift */ = {isa = PBXFileReference; lastKnownFileType = sourcecode.swift; path = MainViewController.swift; sourceTree = "<group>"; };
		3A4697F727A4A72700BBADC0 /* MainControllerBuilder.swift */ = {isa = PBXFileReference; lastKnownFileType = sourcecode.swift; path = MainControllerBuilder.swift; sourceTree = "<group>"; };
		3A4697FA27A4A99000BBADC0 /* Fact.swift */ = {isa = PBXFileReference; lastKnownFileType = sourcecode.swift; path = Fact.swift; sourceTree = "<group>"; };
		3A4697FD27A4AAA700BBADC0 /* FetchRandomFactUseCase.swift */ = {isa = PBXFileReference; lastKnownFileType = sourcecode.swift; path = FetchRandomFactUseCase.swift; sourceTree = "<group>"; };
		3A4697FF27A4ACDB00BBADC0 /* MainContract.swift */ = {isa = PBXFileReference; lastKnownFileType = sourcecode.swift; path = MainContract.swift; sourceTree = "<group>"; };
		3AA6689E27AAE4C30018E546 /* ListadoDetalleControllerBuilder.swift */ = {isa = PBXFileReference; lastKnownFileType = sourcecode.swift; path = ListadoDetalleControllerBuilder.swift; sourceTree = "<group>"; };
		3AA668A127AAE56C0018E546 /* ListadoDetalleViewController.swift */ = {isa = PBXFileReference; lastKnownFileType = sourcecode.swift; path = ListadoDetalleViewController.swift; sourceTree = "<group>"; };
		3AA668A627AAE6290018E546 /* ListadoDetalleViewController.storyboard */ = {isa = PBXFileReference; fileEncoding = 4; lastKnownFileType = file.storyboard; path = ListadoDetalleViewController.storyboard; sourceTree = "<group>"; };
		3AA668AA27AAED570018E546 /* ListadoWireframe.swift */ = {isa = PBXFileReference; lastKnownFileType = sourcecode.swift; path = ListadoWireframe.swift; sourceTree = "<group>"; };
		3AA668B127AB1BF90018E546 /* es */ = {isa = PBXFileReference; lastKnownFileType = text.plist.strings; name = es; path = es.lproj/LaunchScreen.strings; sourceTree = "<group>"; };
		3AA668B327AB1C7A0018E546 /* es */ = {isa = PBXFileReference; lastKnownFileType = text.plist.strings; name = es; path = es.lproj/Localizable.strings; sourceTree = "<group>"; };
		3AA668B527AB1C7D0018E546 /* en */ = {isa = PBXFileReference; lastKnownFileType = text.plist.strings; name = en; path = en.lproj/Localizable.strings; sourceTree = "<group>"; };
		3AA668B727AB1E110018E546 /* en */ = {isa = PBXFileReference; lastKnownFileType = text.plist.strings; name = en; path = en.lproj/LaunchScreen.strings; sourceTree = "<group>"; };
		3AE8914627A9EF5A00B55742 /* ListadoViewController.storyboard */ = {isa = PBXFileReference; fileEncoding = 4; lastKnownFileType = file.storyboard; path = ListadoViewController.storyboard; sourceTree = "<group>"; };
		3AE8914727A9EF5A00B55742 /* ListadoViewCell.swift */ = {isa = PBXFileReference; fileEncoding = 4; lastKnownFileType = sourcecode.swift; path = ListadoViewCell.swift; sourceTree = "<group>"; };
		3AE8914827A9EF5A00B55742 /* ListadoViewController.swift */ = {isa = PBXFileReference; fileEncoding = 4; lastKnownFileType = sourcecode.swift; path = ListadoViewController.swift; sourceTree = "<group>"; };
		3AE8914927A9EF5A00B55742 /* ListadoViewContract.swift */ = {isa = PBXFileReference; fileEncoding = 4; lastKnownFileType = sourcecode.swift; path = ListadoViewContract.swift; sourceTree = "<group>"; };
		3AE8914B27A9EF5A00B55742 /* ListadoPresenter.swift */ = {isa = PBXFileReference; fileEncoding = 4; lastKnownFileType = sourcecode.swift; path = ListadoPresenter.swift; sourceTree = "<group>"; };
		3AE8914D27A9EF5A00B55742 /* ListadoProviderError.swift */ = {isa = PBXFileReference; fileEncoding = 4; lastKnownFileType = sourcecode.swift; path = ListadoProviderError.swift; sourceTree = "<group>"; };
		3AE8914E27A9EF5A00B55742 /* ListadoControllerBuilder.swift */ = {isa = PBXFileReference; fileEncoding = 4; lastKnownFileType = sourcecode.swift; path = ListadoControllerBuilder.swift; sourceTree = "<group>"; };
		3AE8915027A9EF5A00B55742 /* animalData.json */ = {isa = PBXFileReference; fileEncoding = 4; lastKnownFileType = text.json; path = animalData.json; sourceTree = "<group>"; };
		3AE8915527A9EF5A00B55742 /* ListadoInteractor.swift */ = {isa = PBXFileReference; fileEncoding = 4; lastKnownFileType = sourcecode.swift; path = ListadoInteractor.swift; sourceTree = "<group>"; };
		3AE8916127A9EF8A00B55742 /* Animales.swift */ = {isa = PBXFileReference; fileEncoding = 4; lastKnownFileType = sourcecode.swift; path = Animales.swift; sourceTree = "<group>"; };
		3AE8916327A9EF9E00B55742 /* NetworkListadoProvider.swift */ = {isa = PBXFileReference; fileEncoding = 4; lastKnownFileType = sourcecode.swift; path = NetworkListadoProvider.swift; sourceTree = "<group>"; };
		939B0D795A867BF4381ACDE2 /* Pods-AdrianProyecto.debug.xcconfig */ = {isa = PBXFileReference; includeInIndex = 1; lastKnownFileType = text.xcconfig; name = "Pods-AdrianProyecto.debug.xcconfig"; path = "Target Support Files/Pods-AdrianProyecto/Pods-AdrianProyecto.debug.xcconfig"; sourceTree = "<group>"; };
		9F33FA3712FB338015CDB9C9 /* Pods_AdrianProyecto.framework */ = {isa = PBXFileReference; explicitFileType = wrapper.framework; includeInIndex = 0; path = Pods_AdrianProyecto.framework; sourceTree = BUILT_PRODUCTS_DIR; };
		CE2A8E297B3714E3AD873179 /* Pods-AdrianProyecto.release.xcconfig */ = {isa = PBXFileReference; includeInIndex = 1; lastKnownFileType = text.xcconfig; name = "Pods-AdrianProyecto.release.xcconfig"; path = "Target Support Files/Pods-AdrianProyecto/Pods-AdrianProyecto.release.xcconfig"; sourceTree = "<group>"; };
/* End PBXFileReference section */

/* Begin PBXFrameworksBuildPhase section */
		3A16454B27A49A7500D8369C /* Frameworks */ = {
			isa = PBXFrameworksBuildPhase;
			buildActionMask = 2147483647;
			files = (
				DDFF5BED73CC91B979720392 /* Pods_AdrianProyecto.framework in Frameworks */,
			);
			runOnlyForDeploymentPostprocessing = 0;
		};
/* End PBXFrameworksBuildPhase section */

/* Begin PBXGroup section */
		3A16454527A49A7500D8369C = {
			isa = PBXGroup;
			children = (
				3A16455027A49A7500D8369C /* AdrianProyecto */,
				3A16454F27A49A7500D8369C /* Products */,
				A2675EB12919AACEB43C47A8 /* Pods */,
				5EDC23F5127C1FFEC7B6F0C5 /* Frameworks */,
			);
			sourceTree = "<group>";
		};
		3A16454F27A49A7500D8369C /* Products */ = {
			isa = PBXGroup;
			children = (
				3A16454E27A49A7500D8369C /* AdrianProyecto.app */,
			);
			name = Products;
			sourceTree = "<group>";
		};
		3A16455027A49A7500D8369C /* AdrianProyecto */ = {
			isa = PBXGroup;
			children = (
				3A4697D727A49EB800BBADC0 /* InitialControllerBuilder.swift */,
				3A16456827A49CCA00D8369C /* Modules */,
				3A16455127A49A7500D8369C /* AppDelegate.swift */,
				3A16455327A49A7500D8369C /* SceneDelegate.swift */,
				3A16455527A49A7500D8369C /* ViewController.swift */,
				3A16455D27A49A7600D8369C /* Assets.xcassets */,
				3A16455F27A49A7600D8369C /* LaunchScreen.storyboard */,
				3AE8914F27A9EF5A00B55742 /* SupportingFiles */,
				3A16456227A49A7600D8369C /* Info.plist */,
				3A16455A27A49A7500D8369C /* AdrianProyecto.xcdatamodeld */,
			);
			path = AdrianProyecto;
			sourceTree = "<group>";
		};
		3A16456827A49CCA00D8369C /* Modules */ = {
			isa = PBXGroup;
			children = (
				3AE8914427A9EF5A00B55742 /* Listado */,
				3A4697F127A4A68E00BBADC0 /* Main */,
				3A4697D627A49E8400BBADC0 /* Form */,
				3A4664B327A6C7F20042AA93 /* Enums */,
			);
			path = Modules;
			sourceTree = "<group>";
		};
		3A4664A927A6BFCA0042AA93 /* Presenter */ = {
			isa = PBXGroup;
			children = (
				3A4664AB27A6BFEE0042AA93 /* MainPresenter.swift */,
			);
			path = Presenter;
			sourceTree = "<group>";
		};
		3A4664AA27A6BFCF0042AA93 /* Wireframe */ = {
			isa = PBXGroup;
			children = (
				3A4664B627A6FFB10042AA93 /* MainWireframe.swift */,
			);
			path = Wireframe;
			sourceTree = "<group>";
		};
		3A4664AD27A6C43D0042AA93 /* Interactor */ = {
			isa = PBXGroup;
			children = (
				3A4664AE27A6C44F0042AA93 /* MainInteractor.swift */,
			);
			path = Interactor;
			sourceTree = "<group>";
		};
		3A4664B327A6C7F20042AA93 /* Enums */ = {
			isa = PBXGroup;
			children = (
				3A4664B427A6C82B0042AA93 /* ProviderError.swift */,
			);
			path = Enums;
			sourceTree = "<group>";
		};
		3A4697D627A49E8400BBADC0 /* Form */ = {
			isa = PBXGroup;
			children = (
				3A4697DE27A49F3400BBADC0 /* UI */,
				3A4697EA27A4A1BD00BBADC0 /* FormControllerBuilder.swift */,
			);
			path = Form;
			sourceTree = "<group>";
		};
		3A4697DE27A49F3400BBADC0 /* UI */ = {
			isa = PBXGroup;
			children = (
				3A4697DF27A49F7800BBADC0 /* FormViewController.storyboard */,
				3A4697E127A49F8500BBADC0 /* FormViewController.swift */,
			);
			path = UI;
			sourceTree = "<group>";
		};
		3A4697F127A4A68E00BBADC0 /* Main */ = {
			isa = PBXGroup;
			children = (
				3A4697F727A4A72700BBADC0 /* MainControllerBuilder.swift */,
				3A4697FF27A4ACDB00BBADC0 /* MainContract.swift */,
				3A4697F227A4A6AF00BBADC0 /* UI */,
				3A4664A927A6BFCA0042AA93 /* Presenter */,
				3A4664AD27A6C43D0042AA93 /* Interactor */,
				3A4664AA27A6BFCF0042AA93 /* Wireframe */,
				3AE8916D27A9F2F300B55742 /* Model */,
				3AE8916C27A9F2E000B55742 /* Provider */,
			);
			path = Main;
			sourceTree = "<group>";
		};
		3A4697F227A4A6AF00BBADC0 /* UI */ = {
			isa = PBXGroup;
			children = (
				3A4697F327A4A6C500BBADC0 /* MainViewController.storyboard */,
				3A4697F527A4A6CF00BBADC0 /* MainViewController.swift */,
			);
			path = UI;
			sourceTree = "<group>";
		};
		3AA6689D27AAE4990018E546 /* ListadoDetalle */ = {
			isa = PBXGroup;
			children = (
				3AA6689E27AAE4C30018E546 /* ListadoDetalleControllerBuilder.swift */,
				3AA668A027AAE5320018E546 /* UI */,
			);
			path = ListadoDetalle;
			sourceTree = "<group>";
		};
		3AA668A027AAE5320018E546 /* UI */ = {
			isa = PBXGroup;
			children = (
				3AA668A627AAE6290018E546 /* ListadoDetalleViewController.storyboard */,
				3AA668A127AAE56C0018E546 /* ListadoDetalleViewController.swift */,
			);
			path = UI;
			sourceTree = "<group>";
		};
		3AA668A927AAED2C0018E546 /* Wireframe */ = {
			isa = PBXGroup;
			children = (
				3AA668AA27AAED570018E546 /* ListadoWireframe.swift */,
			);
			path = Wireframe;
			sourceTree = "<group>";
		};
		3AE8914427A9EF5A00B55742 /* Listado */ = {
			isa = PBXGroup;
			children = (
				3AE8914E27A9EF5A00B55742 /* ListadoControllerBuilder.swift */,
				3AE8914927A9EF5A00B55742 /* ListadoViewContract.swift */,
				3AE8914527A9EF5A00B55742 /* UI */,
				3AE8914A27A9EF5A00B55742 /* Presenter */,
				3AE8915427A9EF5A00B55742 /* Interactor */,
				3AA668A927AAED2C0018E546 /* Wireframe */,
				3AE8914C27A9EF5A00B55742 /* Enums */,
				3AE8916B27A9F26600B55742 /* Model */,
				3AE8916A27A9F23F00B55742 /* Providers */,
			);
			path = Listado;
			sourceTree = "<group>";
		};
		3AE8914527A9EF5A00B55742 /* UI */ = {
			isa = PBXGroup;
			children = (
				3AE8914627A9EF5A00B55742 /* ListadoViewController.storyboard */,
				3AE8914827A9EF5A00B55742 /* ListadoViewController.swift */,
				3AE8914727A9EF5A00B55742 /* ListadoViewCell.swift */,
				3AA6689D27AAE4990018E546 /* ListadoDetalle */,
			);
			path = UI;
			sourceTree = "<group>";
		};
		3AE8914A27A9EF5A00B55742 /* Presenter */ = {
			isa = PBXGroup;
			children = (
				3AE8914B27A9EF5A00B55742 /* ListadoPresenter.swift */,
			);
			path = Presenter;
			sourceTree = "<group>";
		};
		3AE8914C27A9EF5A00B55742 /* Enums */ = {
			isa = PBXGroup;
			children = (
				3AE8914D27A9EF5A00B55742 /* ListadoProviderError.swift */,
			);
			path = Enums;
			sourceTree = "<group>";
		};
		3AE8914F27A9EF5A00B55742 /* SupportingFiles */ = {
			isa = PBXGroup;
			children = (
				3AE8915027A9EF5A00B55742 /* animalData.json */,
				3AA668B427AB1C7A0018E546 /* Localizable.strings */,
			);
			name = SupportingFiles;
			path = Modules/Listado/SupportingFiles;
			sourceTree = "<group>";
		};
		3AE8915427A9EF5A00B55742 /* Interactor */ = {
			isa = PBXGroup;
			children = (
				3AE8915527A9EF5A00B55742 /* ListadoInteractor.swift */,
			);
			path = Interactor;
			sourceTree = "<group>";
		};
		3AE8916A27A9F23F00B55742 /* Providers */ = {
			isa = PBXGroup;
			children = (
				3AE8916327A9EF9E00B55742 /* NetworkListadoProvider.swift */,
			);
			path = Providers;
			sourceTree = "<group>";
		};
		3AE8916B27A9F26600B55742 /* Model */ = {
			isa = PBXGroup;
			children = (
				3AE8916127A9EF8A00B55742 /* Animales.swift */,
			);
			path = Model;
			sourceTree = "<group>";
		};
		3AE8916C27A9F2E000B55742 /* Provider */ = {
			isa = PBXGroup;
			children = (
				3A4697FD27A4AAA700BBADC0 /* FetchRandomFactUseCase.swift */,
				3A4664B127A6C78C0042AA93 /* FactProvider.swift */,
			);
			path = Provider;
			sourceTree = "<group>";
		};
		3AE8916D27A9F2F300B55742 /* Model */ = {
			isa = PBXGroup;
			children = (
				3A4697FA27A4A99000BBADC0 /* Fact.swift */,
			);
			path = Model;
			sourceTree = "<group>";
		};
		5EDC23F5127C1FFEC7B6F0C5 /* Frameworks */ = {
			isa = PBXGroup;
			children = (
				9F33FA3712FB338015CDB9C9 /* Pods_AdrianProyecto.framework */,
			);
			name = Frameworks;
			sourceTree = "<group>";
		};
		A2675EB12919AACEB43C47A8 /* Pods */ = {
			isa = PBXGroup;
			children = (
				939B0D795A867BF4381ACDE2 /* Pods-AdrianProyecto.debug.xcconfig */,
				CE2A8E297B3714E3AD873179 /* Pods-AdrianProyecto.release.xcconfig */,
			);
			path = Pods;
			sourceTree = "<group>";
		};
/* End PBXGroup section */

/* Begin PBXNativeTarget section */
		3A16454D27A49A7500D8369C /* AdrianProyecto */ = {
			isa = PBXNativeTarget;
			buildConfigurationList = 3A16456527A49A7600D8369C /* Build configuration list for PBXNativeTarget "AdrianProyecto" */;
			buildPhases = (
				3D0D4119448416F65679C13A /* [CP] Check Pods Manifest.lock */,
				3A16454A27A49A7500D8369C /* Sources */,
				3A16454B27A49A7500D8369C /* Frameworks */,
				3A16454C27A49A7500D8369C /* Resources */,
				2009D25051E0AEAEA777E5E5 /* [CP] Embed Pods Frameworks */,
			);
			buildRules = (
			);
			dependencies = (
			);
			name = AdrianProyecto;
			productName = AdrianProyecto;
			productReference = 3A16454E27A49A7500D8369C /* AdrianProyecto.app */;
			productType = "com.apple.product-type.application";
		};
/* End PBXNativeTarget section */

/* Begin PBXProject section */
		3A16454627A49A7500D8369C /* Project object */ = {
			isa = PBXProject;
			attributes = {
				BuildIndependentTargetsInParallel = 1;
				LastSwiftUpdateCheck = 1320;
				LastUpgradeCheck = 1320;
				TargetAttributes = {
					3A16454D27A49A7500D8369C = {
						CreatedOnToolsVersion = 13.2.1;
					};
				};
			};
			buildConfigurationList = 3A16454927A49A7500D8369C /* Build configuration list for PBXProject "AdrianProyecto" */;
			compatibilityVersion = "Xcode 13.0";
			developmentRegion = en;
			hasScannedForEncodings = 0;
			knownRegions = (
				en,
				Base,
				es,
			);
			mainGroup = 3A16454527A49A7500D8369C;
			productRefGroup = 3A16454F27A49A7500D8369C /* Products */;
			projectDirPath = "";
			projectRoot = "";
			targets = (
				3A16454D27A49A7500D8369C /* AdrianProyecto */,
			);
		};
/* End PBXProject section */

/* Begin PBXResourcesBuildPhase section */
		3A16454C27A49A7500D8369C /* Resources */ = {
			isa = PBXResourcesBuildPhase;
			buildActionMask = 2147483647;
			files = (
				3A16456127A49A7600D8369C /* LaunchScreen.storyboard in Resources */,
				3A16455E27A49A7600D8369C /* Assets.xcassets in Resources */,
				3A4697E027A49F7800BBADC0 /* FormViewController.storyboard in Resources */,
				3AE8915627A9EF5A00B55742 /* ListadoViewController.storyboard in Resources */,
				3A4697F427A4A6C500BBADC0 /* MainViewController.storyboard in Resources */,
				3AA668B227AB1C7A0018E546 /* Localizable.strings in Resources */,
				3AA668A827AAE6290018E546 /* ListadoDetalleViewController.storyboard in Resources */,
				3AE8915D27A9EF5A00B55742 /* animalData.json in Resources */,
			);
			runOnlyForDeploymentPostprocessing = 0;
		};
/* End PBXResourcesBuildPhase section */

/* Begin PBXShellScriptBuildPhase section */
		2009D25051E0AEAEA777E5E5 /* [CP] Embed Pods Frameworks */ = {
			isa = PBXShellScriptBuildPhase;
			buildActionMask = 2147483647;
			files = (
			);
			inputFileListPaths = (
				"${PODS_ROOT}/Target Support Files/Pods-AdrianProyecto/Pods-AdrianProyecto-frameworks-${CONFIGURATION}-input-files.xcfilelist",
			);
			name = "[CP] Embed Pods Frameworks";
			outputFileListPaths = (
				"${PODS_ROOT}/Target Support Files/Pods-AdrianProyecto/Pods-AdrianProyecto-frameworks-${CONFIGURATION}-output-files.xcfilelist",
			);
			runOnlyForDeploymentPostprocessing = 0;
			shellPath = /bin/sh;
			shellScript = "\"${PODS_ROOT}/Target Support Files/Pods-AdrianProyecto/Pods-AdrianProyecto-frameworks.sh\"\n";
			showEnvVarsInLog = 0;
		};
		3D0D4119448416F65679C13A /* [CP] Check Pods Manifest.lock */ = {
			isa = PBXShellScriptBuildPhase;
			buildActionMask = 2147483647;
			files = (
			);
			inputFileListPaths = (
			);
			inputPaths = (
				"${PODS_PODFILE_DIR_PATH}/Podfile.lock",
				"${PODS_ROOT}/Manifest.lock",
			);
			name = "[CP] Check Pods Manifest.lock";
			outputFileListPaths = (
			);
			outputPaths = (
				"$(DERIVED_FILE_DIR)/Pods-AdrianProyecto-checkManifestLockResult.txt",
			);
			runOnlyForDeploymentPostprocessing = 0;
			shellPath = /bin/sh;
			shellScript = "diff \"${PODS_PODFILE_DIR_PATH}/Podfile.lock\" \"${PODS_ROOT}/Manifest.lock\" > /dev/null\nif [ $? != 0 ] ; then\n    # print error to STDERR\n    echo \"error: The sandbox is not in sync with the Podfile.lock. Run 'pod install' or update your CocoaPods installation.\" >&2\n    exit 1\nfi\n# This output is used by Xcode 'outputs' to avoid re-running this script phase.\necho \"SUCCESS\" > \"${SCRIPT_OUTPUT_FILE_0}\"\n";
			showEnvVarsInLog = 0;
		};
/* End PBXShellScriptBuildPhase section */

/* Begin PBXSourcesBuildPhase section */
		3A16454A27A49A7500D8369C /* Sources */ = {
			isa = PBXSourcesBuildPhase;
			buildActionMask = 2147483647;
			files = (
				3A46980027A4ACDB00BBADC0 /* MainContract.swift in Sources */,
				3A4697FE27A4AAA700BBADC0 /* FetchRandomFactUseCase.swift in Sources */,
				3A4664AC27A6BFEE0042AA93 /* MainPresenter.swift in Sources */,
				3A16455627A49A7500D8369C /* ViewController.swift in Sources */,
				3A16455227A49A7500D8369C /* AppDelegate.swift in Sources */,
				3AE8915927A9EF5A00B55742 /* ListadoViewContract.swift in Sources */,
				3AA668AB27AAED570018E546 /* ListadoWireframe.swift in Sources */,
				3A4664AF27A6C44F0042AA93 /* MainInteractor.swift in Sources */,
				3AE8916227A9EF8A00B55742 /* Animales.swift in Sources */,
				3A4697E227A49F8500BBADC0 /* FormViewController.swift in Sources */,
				3A4697F627A4A6CF00BBADC0 /* MainViewController.swift in Sources */,
				3AE8916027A9EF5A00B55742 /* ListadoInteractor.swift in Sources */,
				3AE8915C27A9EF5A00B55742 /* ListadoControllerBuilder.swift in Sources */,
				3A4664B527A6C82B0042AA93 /* ProviderError.swift in Sources */,
				3A16455427A49A7500D8369C /* SceneDelegate.swift in Sources */,
				3A4697EB27A4A1BD00BBADC0 /* FormControllerBuilder.swift in Sources */,
				3AA668A327AAE56C0018E546 /* ListadoDetalleViewController.swift in Sources */,
				3A16455C27A49A7500D8369C /* AdrianProyecto.xcdatamodeld in Sources */,
				3AE8915B27A9EF5A00B55742 /* ListadoProviderError.swift in Sources */,
				3A4664B727A6FFB10042AA93 /* MainWireframe.swift in Sources */,
				3AE8916427A9EF9E00B55742 /* NetworkListadoProvider.swift in Sources */,
				3A4664B227A6C78C0042AA93 /* FactProvider.swift in Sources */,
				3AE8915727A9EF5A00B55742 /* ListadoViewCell.swift in Sources */,
				3AE8915A27A9EF5A00B55742 /* ListadoPresenter.swift in Sources */,
				3A4697D827A49EB800BBADC0 /* InitialControllerBuilder.swift in Sources */,
				3AE8915827A9EF5A00B55742 /* ListadoViewController.swift in Sources */,
				3AA6689F27AAE4C30018E546 /* ListadoDetalleControllerBuilder.swift in Sources */,
				3A4697FB27A4A99000BBADC0 /* Fact.swift in Sources */,
				3A4697F827A4A72700BBADC0 /* MainControllerBuilder.swift in Sources */,
			);
			runOnlyForDeploymentPostprocessing = 0;
		};
/* End PBXSourcesBuildPhase section */

/* Begin PBXVariantGroup section */
		3A16455F27A49A7600D8369C /* LaunchScreen.storyboard */ = {
			isa = PBXVariantGroup;
			children = (
				3A16456027A49A7600D8369C /* Base */,
				3AA668B127AB1BF90018E546 /* es */,
				3AA668B727AB1E110018E546 /* en */,
			);
			name = LaunchScreen.storyboard;
			sourceTree = "<group>";
		};
		3AA668B427AB1C7A0018E546 /* Localizable.strings */ = {
			isa = PBXVariantGroup;
			children = (
				3AA668B327AB1C7A0018E546 /* es */,
				3AA668B527AB1C7D0018E546 /* en */,
			);
			name = Localizable.strings;
			sourceTree = "<group>";
		};
/* End PBXVariantGroup section */

/* Begin XCBuildConfiguration section */
		3A16456327A49A7600D8369C /* Debug */ = {
			isa = XCBuildConfiguration;
			buildSettings = {
				ALWAYS_SEARCH_USER_PATHS = NO;
				CLANG_ANALYZER_LOCALIZABILITY_NONLOCALIZED = YES;
				CLANG_ANALYZER_NONNULL = YES;
				CLANG_ANALYZER_NUMBER_OBJECT_CONVERSION = YES_AGGRESSIVE;
				CLANG_CXX_LANGUAGE_STANDARD = "gnu++17";
				CLANG_CXX_LIBRARY = "libc++";
				CLANG_ENABLE_MODULES = YES;
				CLANG_ENABLE_OBJC_ARC = YES;
				CLANG_ENABLE_OBJC_WEAK = YES;
				CLANG_WARN_BLOCK_CAPTURE_AUTORELEASING = YES;
				CLANG_WARN_BOOL_CONVERSION = YES;
				CLANG_WARN_COMMA = YES;
				CLANG_WARN_CONSTANT_CONVERSION = YES;
				CLANG_WARN_DEPRECATED_OBJC_IMPLEMENTATIONS = YES;
				CLANG_WARN_DIRECT_OBJC_ISA_USAGE = YES_ERROR;
				CLANG_WARN_DOCUMENTATION_COMMENTS = YES;
				CLANG_WARN_EMPTY_BODY = YES;
				CLANG_WARN_ENUM_CONVERSION = YES;
				CLANG_WARN_INFINITE_RECURSION = YES;
				CLANG_WARN_INT_CONVERSION = YES;
				CLANG_WARN_NON_LITERAL_NULL_CONVERSION = YES;
				CLANG_WARN_OBJC_IMPLICIT_RETAIN_SELF = YES;
				CLANG_WARN_OBJC_LITERAL_CONVERSION = YES;
				CLANG_WARN_OBJC_ROOT_CLASS = YES_ERROR;
				CLANG_WARN_QUOTED_INCLUDE_IN_FRAMEWORK_HEADER = YES;
				CLANG_WARN_RANGE_LOOP_ANALYSIS = YES;
				CLANG_WARN_STRICT_PROTOTYPES = YES;
				CLANG_WARN_SUSPICIOUS_MOVE = YES;
				CLANG_WARN_UNGUARDED_AVAILABILITY = YES_AGGRESSIVE;
				CLANG_WARN_UNREACHABLE_CODE = YES;
				CLANG_WARN__DUPLICATE_METHOD_MATCH = YES;
				COPY_PHASE_STRIP = NO;
				DEBUG_INFORMATION_FORMAT = dwarf;
				ENABLE_STRICT_OBJC_MSGSEND = YES;
				ENABLE_TESTABILITY = YES;
				GCC_C_LANGUAGE_STANDARD = gnu11;
				GCC_DYNAMIC_NO_PIC = NO;
				GCC_NO_COMMON_BLOCKS = YES;
				GCC_OPTIMIZATION_LEVEL = 0;
				GCC_PREPROCESSOR_DEFINITIONS = (
					"DEBUG=1",
					"$(inherited)",
				);
				GCC_WARN_64_TO_32_BIT_CONVERSION = YES;
				GCC_WARN_ABOUT_RETURN_TYPE = YES_ERROR;
				GCC_WARN_UNDECLARED_SELECTOR = YES;
				GCC_WARN_UNINITIALIZED_AUTOS = YES_AGGRESSIVE;
				GCC_WARN_UNUSED_FUNCTION = YES;
				GCC_WARN_UNUSED_VARIABLE = YES;
				IPHONEOS_DEPLOYMENT_TARGET = 15.2;
				MTL_ENABLE_DEBUG_INFO = INCLUDE_SOURCE;
				MTL_FAST_MATH = YES;
				ONLY_ACTIVE_ARCH = YES;
				SDKROOT = iphoneos;
				SWIFT_ACTIVE_COMPILATION_CONDITIONS = DEBUG;
				SWIFT_OPTIMIZATION_LEVEL = "-Onone";
			};
			name = Debug;
		};
		3A16456427A49A7600D8369C /* Release */ = {
			isa = XCBuildConfiguration;
			buildSettings = {
				ALWAYS_SEARCH_USER_PATHS = NO;
				CLANG_ANALYZER_LOCALIZABILITY_NONLOCALIZED = YES;
				CLANG_ANALYZER_NONNULL = YES;
				CLANG_ANALYZER_NUMBER_OBJECT_CONVERSION = YES_AGGRESSIVE;
				CLANG_CXX_LANGUAGE_STANDARD = "gnu++17";
				CLANG_CXX_LIBRARY = "libc++";
				CLANG_ENABLE_MODULES = YES;
				CLANG_ENABLE_OBJC_ARC = YES;
				CLANG_ENABLE_OBJC_WEAK = YES;
				CLANG_WARN_BLOCK_CAPTURE_AUTORELEASING = YES;
				CLANG_WARN_BOOL_CONVERSION = YES;
				CLANG_WARN_COMMA = YES;
				CLANG_WARN_CONSTANT_CONVERSION = YES;
				CLANG_WARN_DEPRECATED_OBJC_IMPLEMENTATIONS = YES;
				CLANG_WARN_DIRECT_OBJC_ISA_USAGE = YES_ERROR;
				CLANG_WARN_DOCUMENTATION_COMMENTS = YES;
				CLANG_WARN_EMPTY_BODY = YES;
				CLANG_WARN_ENUM_CONVERSION = YES;
				CLANG_WARN_INFINITE_RECURSION = YES;
				CLANG_WARN_INT_CONVERSION = YES;
				CLANG_WARN_NON_LITERAL_NULL_CONVERSION = YES;
				CLANG_WARN_OBJC_IMPLICIT_RETAIN_SELF = YES;
				CLANG_WARN_OBJC_LITERAL_CONVERSION = YES;
				CLANG_WARN_OBJC_ROOT_CLASS = YES_ERROR;
				CLANG_WARN_QUOTED_INCLUDE_IN_FRAMEWORK_HEADER = YES;
				CLANG_WARN_RANGE_LOOP_ANALYSIS = YES;
				CLANG_WARN_STRICT_PROTOTYPES = YES;
				CLANG_WARN_SUSPICIOUS_MOVE = YES;
				CLANG_WARN_UNGUARDED_AVAILABILITY = YES_AGGRESSIVE;
				CLANG_WARN_UNREACHABLE_CODE = YES;
				CLANG_WARN__DUPLICATE_METHOD_MATCH = YES;
				COPY_PHASE_STRIP = NO;
				DEBUG_INFORMATION_FORMAT = "dwarf-with-dsym";
				ENABLE_NS_ASSERTIONS = NO;
				ENABLE_STRICT_OBJC_MSGSEND = YES;
				GCC_C_LANGUAGE_STANDARD = gnu11;
				GCC_NO_COMMON_BLOCKS = YES;
				GCC_WARN_64_TO_32_BIT_CONVERSION = YES;
				GCC_WARN_ABOUT_RETURN_TYPE = YES_ERROR;
				GCC_WARN_UNDECLARED_SELECTOR = YES;
				GCC_WARN_UNINITIALIZED_AUTOS = YES_AGGRESSIVE;
				GCC_WARN_UNUSED_FUNCTION = YES;
				GCC_WARN_UNUSED_VARIABLE = YES;
				IPHONEOS_DEPLOYMENT_TARGET = 15.2;
				MTL_ENABLE_DEBUG_INFO = NO;
				MTL_FAST_MATH = YES;
				SDKROOT = iphoneos;
				SWIFT_COMPILATION_MODE = wholemodule;
				SWIFT_OPTIMIZATION_LEVEL = "-O";
				VALIDATE_PRODUCT = YES;
			};
			name = Release;
		};
		3A16456627A49A7600D8369C /* Debug */ = {
			isa = XCBuildConfiguration;
			baseConfigurationReference = 939B0D795A867BF4381ACDE2 /* Pods-AdrianProyecto.debug.xcconfig */;
			buildSettings = {
				ASSETCATALOG_COMPILER_APPICON_NAME = AppIcon;
				ASSETCATALOG_COMPILER_GLOBAL_ACCENT_COLOR_NAME = AccentColor;
				CODE_SIGN_STYLE = Automatic;
				CURRENT_PROJECT_VERSION = 1;
				DEVELOPMENT_TEAM = 6SPUJN2479;
				GENERATE_INFOPLIST_FILE = YES;
				INFOPLIST_FILE = AdrianProyecto/Info.plist;
				INFOPLIST_KEY_UIApplicationSupportsIndirectInputEvents = YES;
				INFOPLIST_KEY_UILaunchStoryboardName = LaunchScreen;
				INFOPLIST_KEY_UISupportedInterfaceOrientations_iPad = "UIInterfaceOrientationPortrait UIInterfaceOrientationPortraitUpsideDown UIInterfaceOrientationLandscapeLeft UIInterfaceOrientationLandscapeRight";
				INFOPLIST_KEY_UISupportedInterfaceOrientations_iPhone = "UIInterfaceOrientationPortrait UIInterfaceOrientationLandscapeLeft UIInterfaceOrientationLandscapeRight";
				LD_RUNPATH_SEARCH_PATHS = (
					"$(inherited)",
					"@executable_path/Frameworks",
				);
				MARKETING_VERSION = 1.0;
				PRODUCT_BUNDLE_IDENTIFIER = adrian.AdrianProyecto;
				PRODUCT_NAME = "$(TARGET_NAME)";
				SWIFT_EMIT_LOC_STRINGS = YES;
				SWIFT_VERSION = 5.0;
				TARGETED_DEVICE_FAMILY = "1,2";
			};
			name = Debug;
		};
		3A16456727A49A7600D8369C /* Release */ = {
			isa = XCBuildConfiguration;
			baseConfigurationReference = CE2A8E297B3714E3AD873179 /* Pods-AdrianProyecto.release.xcconfig */;
			buildSettings = {
				ASSETCATALOG_COMPILER_APPICON_NAME = AppIcon;
				ASSETCATALOG_COMPILER_GLOBAL_ACCENT_COLOR_NAME = AccentColor;
				CODE_SIGN_STYLE = Automatic;
				CURRENT_PROJECT_VERSION = 1;
				DEVELOPMENT_TEAM = 6SPUJN2479;
				GENERATE_INFOPLIST_FILE = YES;
				INFOPLIST_FILE = AdrianProyecto/Info.plist;
				INFOPLIST_KEY_UIApplicationSupportsIndirectInputEvents = YES;
				INFOPLIST_KEY_UILaunchStoryboardName = LaunchScreen;
				INFOPLIST_KEY_UISupportedInterfaceOrientations_iPad = "UIInterfaceOrientationPortrait UIInterfaceOrientationPortraitUpsideDown UIInterfaceOrientationLandscapeLeft UIInterfaceOrientationLandscapeRight";
				INFOPLIST_KEY_UISupportedInterfaceOrientations_iPhone = "UIInterfaceOrientationPortrait UIInterfaceOrientationLandscapeLeft UIInterfaceOrientationLandscapeRight";
				LD_RUNPATH_SEARCH_PATHS = (
					"$(inherited)",
					"@executable_path/Frameworks",
				);
				MARKETING_VERSION = 1.0;
				PRODUCT_BUNDLE_IDENTIFIER = adrian.AdrianProyecto;
				PRODUCT_NAME = "$(TARGET_NAME)";
				SWIFT_EMIT_LOC_STRINGS = YES;
				SWIFT_VERSION = 5.0;
				TARGETED_DEVICE_FAMILY = "1,2";
			};
			name = Release;
		};
/* End XCBuildConfiguration section */

/* Begin XCConfigurationList section */
		3A16454927A49A7500D8369C /* Build configuration list for PBXProject "AdrianProyecto" */ = {
			isa = XCConfigurationList;
			buildConfigurations = (
				3A16456327A49A7600D8369C /* Debug */,
				3A16456427A49A7600D8369C /* Release */,
			);
			defaultConfigurationIsVisible = 0;
			defaultConfigurationName = Release;
		};
		3A16456527A49A7600D8369C /* Build configuration list for PBXNativeTarget "AdrianProyecto" */ = {
			isa = XCConfigurationList;
			buildConfigurations = (
				3A16456627A49A7600D8369C /* Debug */,
				3A16456727A49A7600D8369C /* Release */,
			);
			defaultConfigurationIsVisible = 0;
			defaultConfigurationName = Release;
		};
/* End XCConfigurationList section */

/* Begin XCVersionGroup section */
		3A16455A27A49A7500D8369C /* AdrianProyecto.xcdatamodeld */ = {
			isa = XCVersionGroup;
			children = (
				3A16455B27A49A7500D8369C /* AdrianProyecto.xcdatamodel */,
			);
			currentVersion = 3A16455B27A49A7500D8369C /* AdrianProyecto.xcdatamodel */;
			path = AdrianProyecto.xcdatamodeld;
			sourceTree = "<group>";
			versionGroupType = wrapper.xcdatamodel;
		};
/* End XCVersionGroup section */
	};
	rootObject = 3A16454627A49A7500D8369C /* Project object */;
}
